
Microsoft Visual Studio Solution File, Format Version 12.00
# Visual Studio Version 17
VisualStudioVersion = 17.1.32328.378
MinimumVisualStudioVersion = 10.0.40219.1
Project("{FAE04EC0-301F-11D3-BF4B-00C04F79EFBC}") = "gr-coding-challenge", "gr-coding-challenge\gr-coding-challenge.csproj", "{04B2D160-B036-4C00-BE63-37013EF4DC98}"
EndProject
Global
	GlobalSection(SolutionConfigurationPlatforms) = preSolution
		Debug|Any CPU = Debug|Any CPU
		Release|Any CPU = Release|Any CPU
	EndGlobalSection
	GlobalSection(ProjectConfigurationPlatforms) = postSolution
		{04B2D160-B036-4C00-BE63-37013EF4DC98}.Debug|Any CPU.ActiveCfg = Debug|Any CPU
		{04B2D160-B036-4C00-BE63-37013EF4DC98}.Debug|Any CPU.Build.0 = Debug|Any CPU
		{04B2D160-B036-4C00-BE63-37013EF4DC98}.Release|Any CPU.ActiveCfg = Release|Any CPU
		{04B2D160-B036-4C00-BE63-37013EF4DC98}.Release|Any CPU.Build.0 = Release|Any CPU
	EndGlobalSection
	GlobalSection(SolutionProperties) = preSolution
		HideSolutionNode = FALSE
	EndGlobalSection
	GlobalSection(ExtensibilityGlobals) = postSolution
		SolutionGuid = {863A85FB-B9A3-49A5-8C10-486DCB6B8492}
	EndGlobalSection
EndGlobal
